
Microsoft Visual Studio Solution File, Format Version 12.00
# Visual Studio Version 16
VisualStudioVersion = 16.0.30621.155
MinimumVisualStudioVersion = 10.0.40219.1
Project("{8BC9CEB8-8B4A-11D0-8D11-00A0C91BC942}") = "binary_research", "binary_research\binary_research.vcxproj", "{3365AA0B-1E02-4572-BCE5-B1CA32D2BE88}"
EndProject
Global
	GlobalSection(SolutionConfigurationPlatforms) = preSolution
		Debug|x64 = Debug|x64
		Debug|x86 = Debug|x86
		Release|x64 = Release|x64
		Release|x86 = Release|x86
	EndGlobalSection
	GlobalSection(ProjectConfigurationPlatforms) = postSolution
		{3365AA0B-1E02-4572-BCE5-B1CA32D2BE88}.Debug|x64.ActiveCfg = Debug|x64
		{3365AA0B-1E02-4572-BCE5-B1CA32D2BE88}.Debug|x64.Build.0 = Debug|x64
		{3365AA0B-1E02-4572-BCE5-B1CA32D2BE88}.Debug|x86.ActiveCfg = Debug|Win32
		{3365AA0B-1E02-4572-BCE5-B1CA32D2BE88}.Debug|x86.Build.0 = Debug|Win32
		{3365AA0B-1E02-4572-BCE5-B1CA32D2BE88}.Release|x64.ActiveCfg = Release|x64
		{3365AA0B-1E02-4572-BCE5-B1CA32D2BE88}.Release|x64.Build.0 = Release|x64
		{3365AA0B-1E02-4572-BCE5-B1CA32D2BE88}.Release|x86.ActiveCfg = Release|Win32
		{3365AA0B-1E02-4572-BCE5-B1CA32D2BE88}.Release|x86.Build.0 = Release|Win32
	EndGlobalSection
	GlobalSection(SolutionProperties) = preSolution
		HideSolutionNode = FALSE
	EndGlobalSection
	GlobalSection(ExtensibilityGlobals) = postSolution
		SolutionGuid = {A7017D10-EE61-4E9B-8EAB-05D60C9DD80E}
	EndGlobalSection
EndGlobal
